
Microsoft Visual Studio Solution File, Format Version 12.00
# Visual Studio Version 16
VisualStudioVersion = 16.0.30413.136
MinimumVisualStudioVersion = 10.0.40219.1
Project("{9A19103F-16F7-4668-BE54-9A1E7A4F7556}") = "CustomerManagement.DAL", "CustomerManagement.DAL\CustomerManagement.DAL.csproj", "{1D11C043-CBF5-47B2-9967-884D25D4320E}"
EndProject
Project("{9A19103F-16F7-4668-BE54-9A1E7A4F7556}") = "CustomerManagement.UI.Blazor", "CustomerManagement.UI.Blazor\CustomerManagement.UI.Blazor.csproj", "{3A94D766-3A2C-4861-B184-57A0CC907384}"
EndProject
Global
	GlobalSection(SolutionConfigurationPlatforms) = preSolution
		Debug|Any CPU = Debug|Any CPU
		Release|Any CPU = Release|Any CPU
	EndGlobalSection
	GlobalSection(ProjectConfigurationPlatforms) = postSolution
		{1D11C043-CBF5-47B2-9967-884D25D4320E}.Debug|Any CPU.ActiveCfg = Debug|Any CPU
		{1D11C043-CBF5-47B2-9967-884D25D4320E}.Debug|Any CPU.Build.0 = Debug|Any CPU
		{1D11C043-CBF5-47B2-9967-884D25D4320E}.Release|Any CPU.ActiveCfg = Release|Any CPU
		{1D11C043-CBF5-47B2-9967-884D25D4320E}.Release|Any CPU.Build.0 = Release|Any CPU
		{3A94D766-3A2C-4861-B184-57A0CC907384}.Debug|Any CPU.ActiveCfg = Debug|Any CPU
		{3A94D766-3A2C-4861-B184-57A0CC907384}.Debug|Any CPU.Build.0 = Debug|Any CPU
		{3A94D766-3A2C-4861-B184-57A0CC907384}.Release|Any CPU.ActiveCfg = Release|Any CPU
		{3A94D766-3A2C-4861-B184-57A0CC907384}.Release|Any CPU.Build.0 = Release|Any CPU
	EndGlobalSection
	GlobalSection(SolutionProperties) = preSolution
		HideSolutionNode = FALSE
	EndGlobalSection
	GlobalSection(ExtensibilityGlobals) = postSolution
		SolutionGuid = {72C54F98-CB12-4B2A-8518-5670090B23EB}
	EndGlobalSection
EndGlobal
